
Microsoft Visual Studio Solution File, Format Version 12.00
# Visual Studio Version 17
VisualStudioVersion = 17.5.33530.505
MinimumVisualStudioVersion = 10.0.40219.1
Project("{9A19103F-16F7-4668-BE54-9A1E7A4F7556}") = "FileGDB.LinqPadDriver", "LinqPadDriver\FileGDB.LinqPadDriver.csproj", "{A331AC05-BAB7-420E-8C04-696DDA011048}"
EndProject
Project("{FAE04EC0-301F-11D3-BF4B-00C04F79EFBC}") = "FileGDB.Core", "FileGDB.Core\FileGDB.Core.csproj", "{FC481AB9-1B11-4EB9-BBF2-F2560D532750}"
EndProject
Global
	GlobalSection(SolutionConfigurationPlatforms) = preSolution
		Debug|Any CPU = Debug|Any CPU
		Release|Any CPU = Release|Any CPU
	EndGlobalSection
	GlobalSection(ProjectConfigurationPlatforms) = postSolution
		{A331AC05-BAB7-420E-8C04-696DDA011048}.Debug|Any CPU.ActiveCfg = Debug|Any CPU
		{A331AC05-BAB7-420E-8C04-696DDA011048}.Debug|Any CPU.Build.0 = Debug|Any CPU
		{A331AC05-BAB7-420E-8C04-696DDA011048}.Release|Any CPU.ActiveCfg = Release|Any CPU
		{A331AC05-BAB7-420E-8C04-696DDA011048}.Release|Any CPU.Build.0 = Release|Any CPU
		{FC481AB9-1B11-4EB9-BBF2-F2560D532750}.Debug|Any CPU.ActiveCfg = Debug|Any CPU
		{FC481AB9-1B11-4EB9-BBF2-F2560D532750}.Debug|Any CPU.Build.0 = Debug|Any CPU
		{FC481AB9-1B11-4EB9-BBF2-F2560D532750}.Release|Any CPU.ActiveCfg = Release|Any CPU
		{FC481AB9-1B11-4EB9-BBF2-F2560D532750}.Release|Any CPU.Build.0 = Release|Any CPU
	EndGlobalSection
	GlobalSection(SolutionProperties) = preSolution
		HideSolutionNode = FALSE
	EndGlobalSection
	GlobalSection(ExtensibilityGlobals) = postSolution
		SolutionGuid = {598DCFE2-E25B-47F5-B5DA-2BF986FFB357}
	EndGlobalSection
EndGlobal
